
Microsoft Visual Studio Solution File, Format Version 12.00
# Visual Studio Version 17
VisualStudioVersion = 17.1.32120.378
MinimumVisualStudioVersion = 10.0.40219.1
Project("{9A19103F-16F7-4668-BE54-9A1E7A4F7556}") = "ContosoCrafts.WebSite", "src\ContosoCrafts.WebSite.csproj", "{506E7770-39F0-4B88-BF7E-9FE772766822}"
EndProject
Project("{2150E333-8FDC-42A3-9474-1A3956D46DE8}") = "Solution Items", "Solution Items", "{1B5010E7-21B3-4E68-BDB0-19D927C1DD52}"
	ProjectSection(SolutionItems) = preProject
		.editorconfig = .editorconfig
	EndProjectSection
EndProject
Global
	GlobalSection(SolutionConfigurationPlatforms) = preSolution
		Debug|Any CPU = Debug|Any CPU
		Release|Any CPU = Release|Any CPU
	EndGlobalSection
	GlobalSection(ProjectConfigurationPlatforms) = postSolution
		{506E7770-39F0-4B88-BF7E-9FE772766822}.Debug|Any CPU.ActiveCfg = Debug|Any CPU
		{506E7770-39F0-4B88-BF7E-9FE772766822}.Debug|Any CPU.Build.0 = Debug|Any CPU
		{506E7770-39F0-4B88-BF7E-9FE772766822}.Release|Any CPU.ActiveCfg = Release|Any CPU
		{506E7770-39F0-4B88-BF7E-9FE772766822}.Release|Any CPU.Build.0 = Release|Any CPU
	EndGlobalSection
	GlobalSection(SolutionProperties) = preSolution
		HideSolutionNode = FALSE
	EndGlobalSection
	GlobalSection(ExtensibilityGlobals) = postSolution
		SolutionGuid = {D428989A-D60E-4FD5-8BD8-FD39CF799474}
	EndGlobalSection
EndGlobal
